// !$*UTF8*$!
{
	archiveVersion = 1;
	classes = {
	};
	objectVersion = 48;
	objects = {

/* Begin PBXBuildFile section */
		6220BFAE2036146E0034F3A7 /* ActivityCell.swift in Sources */ = {isa = PBXBuildFile; fileRef = 6220BFAD2036146E0034F3A7 /* ActivityCell.swift */; };
		6220BFB02036263B0034F3A7 /* ActivityDetailViewController.swift in Sources */ = {isa = PBXBuildFile; fileRef = 6220BFAF2036263B0034F3A7 /* ActivityDetailViewController.swift */; };
		6220BFB8203632A40034F3A7 /* Accelerate.framework in Frameworks */ = {isa = PBXBuildFile; fileRef = 6220BFB7203632A40034F3A7 /* Accelerate.framework */; };
		6220BFBF203632B70034F3A7 /* CoreGraphics.framework in Frameworks */ = {isa = PBXBuildFile; fileRef = 6220BFB9203632B60034F3A7 /* CoreGraphics.framework */; };
		6220BFC0203632B70034F3A7 /* CoreLocation.framework in Frameworks */ = {isa = PBXBuildFile; fileRef = 6220BFBA203632B60034F3A7 /* CoreLocation.framework */; };
		6220BFC1203632B70034F3A7 /* CoreTelephony.framework in Frameworks */ = {isa = PBXBuildFile; fileRef = 6220BFBB203632B60034F3A7 /* CoreTelephony.framework */; };
		6220BFC2203632B70034F3A7 /* CoreText.framework in Frameworks */ = {isa = PBXBuildFile; fileRef = 6220BFBC203632B70034F3A7 /* CoreText.framework */; };
		6220BFC3203632B70034F3A7 /* CoreData.framework in Frameworks */ = {isa = PBXBuildFile; fileRef = 6220BFBD203632B70034F3A7 /* CoreData.framework */; };
		6220BFC4203632B70034F3A7 /* CoreImage.framework in Frameworks */ = {isa = PBXBuildFile; fileRef = 6220BFBE203632B70034F3A7 /* CoreImage.framework */; };
		6220BFC6203632C20034F3A7 /* GLKit.framework in Frameworks */ = {isa = PBXBuildFile; fileRef = 6220BFC5203632C20034F3A7 /* GLKit.framework */; };
		6220BFC9203632D70034F3A7 /* libc++.tbd in Frameworks */ = {isa = PBXBuildFile; fileRef = 6220BFC7203632D70034F3A7 /* libc++.tbd */; };
		6220BFCA203632D70034F3A7 /* libz.tbd in Frameworks */ = {isa = PBXBuildFile; fileRef = 6220BFC8203632D70034F3A7 /* libz.tbd */; };
		6220BFCC203632E00034F3A7 /* OpenGLES.framework in Frameworks */ = {isa = PBXBuildFile; fileRef = 6220BFCB203632E00034F3A7 /* OpenGLES.framework */; };
		6220BFCE203632E80034F3A7 /* QuartzCore.framework in Frameworks */ = {isa = PBXBuildFile; fileRef = 6220BFCD203632E80034F3A7 /* QuartzCore.framework */; };
		6220BFD0203632F20034F3A7 /* SystemConfiguration.framework in Frameworks */ = {isa = PBXBuildFile; fileRef = 6220BFCF203632F20034F3A7 /* SystemConfiguration.framework */; };
		6220BFD2203632F70034F3A7 /* UIKit.framework in Frameworks */ = {isa = PBXBuildFile; fileRef = 6220BFD1203632F70034F3A7 /* UIKit.framework */; };
		6220BFD4203633EB0034F3A7 /* BundleInteractor.swift in Sources */ = {isa = PBXBuildFile; fileRef = 6220BFD3203633EB0034F3A7 /* BundleInteractor.swift */; };
		6220BFD8203649790034F3A7 /* Stream.swift in Sources */ = {isa = PBXBuildFile; fileRef = 6220BFD7203649790034F3A7 /* Stream.swift */; };
		6220BFDA20365A980034F3A7 /* HeatMapViewController.swift in Sources */ = {isa = PBXBuildFile; fileRef = 6220BFD920365A980034F3A7 /* HeatMapViewController.swift */; };
		6290D5C12028F2FA004BC242 /* Activity.swift in Sources */ = {isa = PBXBuildFile; fileRef = 6290D5C02028F2F9004BC242 /* Activity.swift */; };
		6290D5C22028F2FA004BC242 /* Activity.swift in Sources */ = {isa = PBXBuildFile; fileRef = 6290D5C02028F2F9004BC242 /* Activity.swift */; };
		6290D5C42028FB7E004BC242 /* APICredentials.swift in Sources */ = {isa = PBXBuildFile; fileRef = 6290D5C32028FB7E004BC242 /* APICredentials.swift */; };
		6290D5C52028FB7E004BC242 /* APICredentials.swift in Sources */ = {isa = PBXBuildFile; fileRef = 6290D5C32028FB7E004BC242 /* APICredentials.swift */; };
		6290D5C72028FBC0004BC242 /* credentials.json in Resources */ = {isa = PBXBuildFile; fileRef = 6290D5C62028FBC0004BC242 /* credentials.json */; };
		6290D5C82028FBC0004BC242 /* credentials.json in Resources */ = {isa = PBXBuildFile; fileRef = 6290D5C62028FBC0004BC242 /* credentials.json */; };
		629973562026AB2400729434 /* ServiceLocator.swift in Sources */ = {isa = PBXBuildFile; fileRef = 629973552026AB2400729434 /* ServiceLocator.swift */; };
		629973572026AB2400729434 /* ServiceLocator.swift in Sources */ = {isa = PBXBuildFile; fileRef = 629973552026AB2400729434 /* ServiceLocator.swift */; };
		629973592027D1FC00729434 /* StravaUser.swift in Sources */ = {isa = PBXBuildFile; fileRef = 629973582027D1FC00729434 /* StravaUser.swift */; };
		6299735A2027D1FC00729434 /* StravaUser.swift in Sources */ = {isa = PBXBuildFile; fileRef = 629973582027D1FC00729434 /* StravaUser.swift */; };
		6299735C2027E18C00729434 /* FSInteractor.swift in Sources */ = {isa = PBXBuildFile; fileRef = 6299735B2027E18C00729434 /* FSInteractor.swift */; };
		6299735D2027E18C00729434 /* FSInteractor.swift in Sources */ = {isa = PBXBuildFile; fileRef = 6299735B2027E18C00729434 /* FSInteractor.swift */; };
		62D0211720328EC20096C707 /* ReactiveCocoa.framework in Frameworks */ = {isa = PBXBuildFile; fileRef = 62D0211420328EC20096C707 /* ReactiveCocoa.framework */; };
		62D0211820328EC20096C707 /* ReactiveSwift.framework in Frameworks */ = {isa = PBXBuildFile; fileRef = 62D0211520328EC20096C707 /* ReactiveSwift.framework */; };
		62D0211920328EC20096C707 /* Result.framework in Frameworks */ = {isa = PBXBuildFile; fileRef = 62D0211620328EC20096C707 /* Result.framework */; };
		62DE1B4B202280E80094BEC7 /* Athlete.swift in Sources */ = {isa = PBXBuildFile; fileRef = 62DE1B4A202280E80094BEC7 /* Athlete.swift */; };
		62DE1B4C202280E80094BEC7 /* Athlete.swift in Sources */ = {isa = PBXBuildFile; fileRef = 62DE1B4A202280E80094BEC7 /* Athlete.swift */; };
		62F3FD1D200FFD44009C2803 /* AppDelegate.swift in Sources */ = {isa = PBXBuildFile; fileRef = 62F3FD1C200FFD44009C2803 /* AppDelegate.swift */; };
		62F3FD1F200FFD44009C2803 /* ViewController.swift in Sources */ = {isa = PBXBuildFile; fileRef = 62F3FD1E200FFD44009C2803 /* ViewController.swift */; };
		62F3FD22200FFD44009C2803 /* Main.storyboard in Resources */ = {isa = PBXBuildFile; fileRef = 62F3FD20200FFD44009C2803 /* Main.storyboard */; };
		62F3FD24200FFD45009C2803 /* Assets.xcassets in Resources */ = {isa = PBXBuildFile; fileRef = 62F3FD23200FFD45009C2803 /* Assets.xcassets */; };
		62F3FD27200FFD45009C2803 /* LaunchScreen.storyboard in Resources */ = {isa = PBXBuildFile; fileRef = 62F3FD25200FFD45009C2803 /* LaunchScreen.storyboard */; };
		62F3FD32200FFD45009C2803 /* StravifyTests.swift in Sources */ = {isa = PBXBuildFile; fileRef = 62F3FD31200FFD45009C2803 /* StravifyTests.swift */; };
		62F3FD47201006C1009C2803 /* AuthViewController.swift in Sources */ = {isa = PBXBuildFile; fileRef = 62F3FD45201006C1009C2803 /* AuthViewController.swift */; };
		62F3FD48201017E4009C2803 /* AuthViewController.swift in Sources */ = {isa = PBXBuildFile; fileRef = 62F3FD45201006C1009C2803 /* AuthViewController.swift */; };
		62F3FD4D201018FB009C2803 /* StravaInteractor.swift in Sources */ = {isa = PBXBuildFile; fileRef = 62F3FD4C201018FB009C2803 /* StravaInteractor.swift */; };
		62F3FD4E201018FB009C2803 /* StravaInteractor.swift in Sources */ = {isa = PBXBuildFile; fileRef = 62F3FD4C201018FB009C2803 /* StravaInteractor.swift */; };
		62F8C7DB20350C7800B06968 /* AthleteViewController.swift in Sources */ = {isa = PBXBuildFile; fileRef = 62F8C7DA20350C7800B06968 /* AthleteViewController.swift */; };
		62F8C7DC20350C7800B06968 /* AthleteViewController.swift in Sources */ = {isa = PBXBuildFile; fileRef = 62F8C7DA20350C7800B06968 /* AthleteViewController.swift */; };
		F43F8AE6722609ABD7136485 /* libPods-Stravify.a in Frameworks */ = {isa = PBXBuildFile; fileRef = A7B67FBA84C0C01F74D2D6C7 /* libPods-Stravify.a */; };
/* End PBXBuildFile section */

/* Begin PBXContainerItemProxy section */
		62F3FD2E200FFD45009C2803 /* PBXContainerItemProxy */ = {
			isa = PBXContainerItemProxy;
			containerPortal = 62F3FD11200FFD44009C2803 /* Project object */;
			proxyType = 1;
			remoteGlobalIDString = 62F3FD18200FFD44009C2803;
			remoteInfo = Stravify;
		};
/* End PBXContainerItemProxy section */

/* Begin PBXFileReference section */
		6220BFAD2036146E0034F3A7 /* ActivityCell.swift */ = {isa = PBXFileReference; lastKnownFileType = sourcecode.swift; path = ActivityCell.swift; sourceTree = "<group>"; };
		6220BFAF2036263B0034F3A7 /* ActivityDetailViewController.swift */ = {isa = PBXFileReference; lastKnownFileType = sourcecode.swift; path = ActivityDetailViewController.swift; sourceTree = "<group>"; };
		6220BFB7203632A40034F3A7 /* Accelerate.framework */ = {isa = PBXFileReference; lastKnownFileType = wrapper.framework; name = Accelerate.framework; path = System/Library/Frameworks/Accelerate.framework; sourceTree = SDKROOT; };
		6220BFB9203632B60034F3A7 /* CoreGraphics.framework */ = {isa = PBXFileReference; lastKnownFileType = wrapper.framework; name = CoreGraphics.framework; path = System/Library/Frameworks/CoreGraphics.framework; sourceTree = SDKROOT; };
		6220BFBA203632B60034F3A7 /* CoreLocation.framework */ = {isa = PBXFileReference; lastKnownFileType = wrapper.framework; name = CoreLocation.framework; path = System/Library/Frameworks/CoreLocation.framework; sourceTree = SDKROOT; };
		6220BFBB203632B60034F3A7 /* CoreTelephony.framework */ = {isa = PBXFileReference; lastKnownFileType = wrapper.framework; name = CoreTelephony.framework; path = System/Library/Frameworks/CoreTelephony.framework; sourceTree = SDKROOT; };
		6220BFBC203632B70034F3A7 /* CoreText.framework */ = {isa = PBXFileReference; lastKnownFileType = wrapper.framework; name = CoreText.framework; path = System/Library/Frameworks/CoreText.framework; sourceTree = SDKROOT; };
		6220BFBD203632B70034F3A7 /* CoreData.framework */ = {isa = PBXFileReference; lastKnownFileType = wrapper.framework; name = CoreData.framework; path = System/Library/Frameworks/CoreData.framework; sourceTree = SDKROOT; };
		6220BFBE203632B70034F3A7 /* CoreImage.framework */ = {isa = PBXFileReference; lastKnownFileType = wrapper.framework; name = CoreImage.framework; path = System/Library/Frameworks/CoreImage.framework; sourceTree = SDKROOT; };
		6220BFC5203632C20034F3A7 /* GLKit.framework */ = {isa = PBXFileReference; lastKnownFileType = wrapper.framework; name = GLKit.framework; path = System/Library/Frameworks/GLKit.framework; sourceTree = SDKROOT; };
		6220BFC7203632D70034F3A7 /* libc++.tbd */ = {isa = PBXFileReference; lastKnownFileType = "sourcecode.text-based-dylib-definition"; name = "libc++.tbd"; path = "usr/lib/libc++.tbd"; sourceTree = SDKROOT; };
		6220BFC8203632D70034F3A7 /* libz.tbd */ = {isa = PBXFileReference; lastKnownFileType = "sourcecode.text-based-dylib-definition"; name = libz.tbd; path = usr/lib/libz.tbd; sourceTree = SDKROOT; };
		6220BFCB203632E00034F3A7 /* OpenGLES.framework */ = {isa = PBXFileReference; lastKnownFileType = wrapper.framework; name = OpenGLES.framework; path = System/Library/Frameworks/OpenGLES.framework; sourceTree = SDKROOT; };
		6220BFCD203632E80034F3A7 /* QuartzCore.framework */ = {isa = PBXFileReference; lastKnownFileType = wrapper.framework; name = QuartzCore.framework; path = System/Library/Frameworks/QuartzCore.framework; sourceTree = SDKROOT; };
		6220BFCF203632F20034F3A7 /* SystemConfiguration.framework */ = {isa = PBXFileReference; lastKnownFileType = wrapper.framework; name = SystemConfiguration.framework; path = System/Library/Frameworks/SystemConfiguration.framework; sourceTree = SDKROOT; };
		6220BFD1203632F70034F3A7 /* UIKit.framework */ = {isa = PBXFileReference; lastKnownFileType = wrapper.framework; name = UIKit.framework; path = System/Library/Frameworks/UIKit.framework; sourceTree = SDKROOT; };
		6220BFD3203633EB0034F3A7 /* BundleInteractor.swift */ = {isa = PBXFileReference; lastKnownFileType = sourcecode.swift; path = BundleInteractor.swift; sourceTree = "<group>"; };
		6220BFD5203637B50034F3A7 /* GoogleMaps.bundle */ = {isa = PBXFileReference; lastKnownFileType = "wrapper.plug-in"; path = GoogleMaps.bundle; sourceTree = "<group>"; };
		6220BFD7203649790034F3A7 /* Stream.swift */ = {isa = PBXFileReference; lastKnownFileType = sourcecode.swift; path = Stream.swift; sourceTree = "<group>"; };
		6220BFD920365A980034F3A7 /* HeatMapViewController.swift */ = {isa = PBXFileReference; lastKnownFileType = sourcecode.swift; path = HeatMapViewController.swift; sourceTree = "<group>"; };
		6290D5C02028F2F9004BC242 /* Activity.swift */ = {isa = PBXFileReference; lastKnownFileType = sourcecode.swift; path = Activity.swift; sourceTree = "<group>"; };
		6290D5C32028FB7E004BC242 /* APICredentials.swift */ = {isa = PBXFileReference; lastKnownFileType = sourcecode.swift; path = APICredentials.swift; sourceTree = "<group>"; };
		6290D5C62028FBC0004BC242 /* credentials.json */ = {isa = PBXFileReference; lastKnownFileType = text.json; path = credentials.json; sourceTree = "<group>"; };
		629973552026AB2400729434 /* ServiceLocator.swift */ = {isa = PBXFileReference; lastKnownFileType = sourcecode.swift; path = ServiceLocator.swift; sourceTree = "<group>"; };
		629973582027D1FC00729434 /* StravaUser.swift */ = {isa = PBXFileReference; lastKnownFileType = sourcecode.swift; path = StravaUser.swift; sourceTree = "<group>"; };
		6299735B2027E18C00729434 /* FSInteractor.swift */ = {isa = PBXFileReference; lastKnownFileType = sourcecode.swift; path = FSInteractor.swift; sourceTree = "<group>"; };
		62AE072620366A170095EE49 /* Stravify-Bridging-Header.h */ = {isa = PBXFileReference; lastKnownFileType = sourcecode.c.h; path = "Stravify-Bridging-Header.h"; sourceTree = "<group>"; };
		62D0211220328C670096C707 /* Cartfile */ = {isa = PBXFileReference; lastKnownFileType = text; path = Cartfile; sourceTree = "<group>"; };
		62D0211420328EC20096C707 /* ReactiveCocoa.framework */ = {isa = PBXFileReference; lastKnownFileType = wrapper.framework; name = ReactiveCocoa.framework; path = Carthage/Build/iOS/ReactiveCocoa.framework; sourceTree = "<group>"; };
		62D0211520328EC20096C707 /* ReactiveSwift.framework */ = {isa = PBXFileReference; lastKnownFileType = wrapper.framework; name = ReactiveSwift.framework; path = Carthage/Build/iOS/ReactiveSwift.framework; sourceTree = "<group>"; };
		62D0211620328EC20096C707 /* Result.framework */ = {isa = PBXFileReference; lastKnownFileType = wrapper.framework; name = Result.framework; path = Carthage/Build/iOS/Result.framework; sourceTree = "<group>"; };
		62DE1B4A202280E80094BEC7 /* Athlete.swift */ = {isa = PBXFileReference; lastKnownFileType = sourcecode.swift; path = Athlete.swift; sourceTree = "<group>"; };
		62F3FD19200FFD44009C2803 /* Stravify.app */ = {isa = PBXFileReference; explicitFileType = wrapper.application; includeInIndex = 0; path = Stravify.app; sourceTree = BUILT_PRODUCTS_DIR; };
		62F3FD1C200FFD44009C2803 /* AppDelegate.swift */ = {isa = PBXFileReference; lastKnownFileType = sourcecode.swift; path = AppDelegate.swift; sourceTree = "<group>"; };
		62F3FD1E200FFD44009C2803 /* ViewController.swift */ = {isa = PBXFileReference; lastKnownFileType = sourcecode.swift; path = ViewController.swift; sourceTree = "<group>"; };
		62F3FD21200FFD44009C2803 /* Base */ = {isa = PBXFileReference; lastKnownFileType = file.storyboard; name = Base; path = Base.lproj/Main.storyboard; sourceTree = "<group>"; };
		62F3FD23200FFD45009C2803 /* Assets.xcassets */ = {isa = PBXFileReference; lastKnownFileType = folder.assetcatalog; path = Assets.xcassets; sourceTree = "<group>"; };
		62F3FD26200FFD45009C2803 /* Base */ = {isa = PBXFileReference; lastKnownFileType = file.storyboard; name = Base; path = Base.lproj/LaunchScreen.storyboard; sourceTree = "<group>"; };
		62F3FD28200FFD45009C2803 /* Info.plist */ = {isa = PBXFileReference; lastKnownFileType = text.plist.xml; path = Info.plist; sourceTree = "<group>"; };
		62F3FD2D200FFD45009C2803 /* StravifyTests.xctest */ = {isa = PBXFileReference; explicitFileType = wrapper.cfbundle; includeInIndex = 0; path = StravifyTests.xctest; sourceTree = BUILT_PRODUCTS_DIR; };
		62F3FD31200FFD45009C2803 /* StravifyTests.swift */ = {isa = PBXFileReference; lastKnownFileType = sourcecode.swift; path = StravifyTests.swift; sourceTree = "<group>"; };
		62F3FD33200FFD45009C2803 /* Info.plist */ = {isa = PBXFileReference; lastKnownFileType = text.plist.xml; path = Info.plist; sourceTree = "<group>"; };
		62F3FD45201006C1009C2803 /* AuthViewController.swift */ = {isa = PBXFileReference; lastKnownFileType = sourcecode.swift; path = AuthViewController.swift; sourceTree = "<group>"; };
		62F3FD4C201018FB009C2803 /* StravaInteractor.swift */ = {isa = PBXFileReference; lastKnownFileType = sourcecode.swift; path = StravaInteractor.swift; sourceTree = "<group>"; };
		62F8C7DA20350C7800B06968 /* AthleteViewController.swift */ = {isa = PBXFileReference; lastKnownFileType = sourcecode.swift; path = AthleteViewController.swift; sourceTree = "<group>"; };
		A7B67FBA84C0C01F74D2D6C7 /* libPods-Stravify.a */ = {isa = PBXFileReference; explicitFileType = archive.ar; includeInIndex = 0; path = "libPods-Stravify.a"; sourceTree = BUILT_PRODUCTS_DIR; };
		ACCCBE215F1080DE874F41D0 /* Pods-Stravify.release.xcconfig */ = {isa = PBXFileReference; includeInIndex = 1; lastKnownFileType = text.xcconfig; name = "Pods-Stravify.release.xcconfig"; path = "Pods/Target Support Files/Pods-Stravify/Pods-Stravify.release.xcconfig"; sourceTree = "<group>"; };
		BD668CDEB3DD22517543540A /* Pods-Stravify.debug.xcconfig */ = {isa = PBXFileReference; includeInIndex = 1; lastKnownFileType = text.xcconfig; name = "Pods-Stravify.debug.xcconfig"; path = "Pods/Target Support Files/Pods-Stravify/Pods-Stravify.debug.xcconfig"; sourceTree = "<group>"; };
/* End PBXFileReference section */

/* Begin PBXFrameworksBuildPhase section */
		62F3FD16200FFD44009C2803 /* Frameworks */ = {
			isa = PBXFrameworksBuildPhase;
			buildActionMask = 2147483647;
			files = (
				6220BFD2203632F70034F3A7 /* UIKit.framework in Frameworks */,
				6220BFD0203632F20034F3A7 /* SystemConfiguration.framework in Frameworks */,
				6220BFCE203632E80034F3A7 /* QuartzCore.framework in Frameworks */,
				6220BFCC203632E00034F3A7 /* OpenGLES.framework in Frameworks */,
				6220BFC9203632D70034F3A7 /* libc++.tbd in Frameworks */,
				6220BFCA203632D70034F3A7 /* libz.tbd in Frameworks */,
				6220BFC6203632C20034F3A7 /* GLKit.framework in Frameworks */,
				6220BFBF203632B70034F3A7 /* CoreGraphics.framework in Frameworks */,
				6220BFC0203632B70034F3A7 /* CoreLocation.framework in Frameworks */,
				6220BFC1203632B70034F3A7 /* CoreTelephony.framework in Frameworks */,
				6220BFC2203632B70034F3A7 /* CoreText.framework in Frameworks */,
				6220BFC3203632B70034F3A7 /* CoreData.framework in Frameworks */,
				6220BFC4203632B70034F3A7 /* CoreImage.framework in Frameworks */,
				6220BFB8203632A40034F3A7 /* Accelerate.framework in Frameworks */,
				62D0211920328EC20096C707 /* Result.framework in Frameworks */,
				62D0211720328EC20096C707 /* ReactiveCocoa.framework in Frameworks */,
				62D0211820328EC20096C707 /* ReactiveSwift.framework in Frameworks */,
				F43F8AE6722609ABD7136485 /* libPods-Stravify.a in Frameworks */,
			);
			runOnlyForDeploymentPostprocessing = 0;
		};
		62F3FD2A200FFD45009C2803 /* Frameworks */ = {
			isa = PBXFrameworksBuildPhase;
			buildActionMask = 2147483647;
			files = (
			);
			runOnlyForDeploymentPostprocessing = 0;
		};
/* End PBXFrameworksBuildPhase section */

/* Begin PBXGroup section */
		626553D920193B13003E543A /* Assets */ = {
			isa = PBXGroup;
			children = (
			);
			path = Assets;
			sourceTree = "<group>";
		};
		62DE1B47202280710094BEC7 /* Views */ = {
			isa = PBXGroup;
			children = (
				62F3FD45201006C1009C2803 /* AuthViewController.swift */,
				62F3FD1E200FFD44009C2803 /* ViewController.swift */,
				62F3FD20200FFD44009C2803 /* Main.storyboard */,
				62F8C7DA20350C7800B06968 /* AthleteViewController.swift */,
				6220BFAD2036146E0034F3A7 /* ActivityCell.swift */,
				6220BFAF2036263B0034F3A7 /* ActivityDetailViewController.swift */,
				6220BFD920365A980034F3A7 /* HeatMapViewController.swift */,
			);
			path = Views;
			sourceTree = "<group>";
		};
		62DE1B482022807D0094BEC7 /* Interactors */ = {
			isa = PBXGroup;
			children = (
				62F3FD4C201018FB009C2803 /* StravaInteractor.swift */,
				629973552026AB2400729434 /* ServiceLocator.swift */,
				6299735B2027E18C00729434 /* FSInteractor.swift */,
				6220BFD3203633EB0034F3A7 /* BundleInteractor.swift */,
			);
			path = Interactors;
			sourceTree = "<group>";
		};
		62DE1B49202280CB0094BEC7 /* Models */ = {
			isa = PBXGroup;
			children = (
				62DE1B4A202280E80094BEC7 /* Athlete.swift */,
				629973582027D1FC00729434 /* StravaUser.swift */,
				6290D5C02028F2F9004BC242 /* Activity.swift */,
				6290D5C32028FB7E004BC242 /* APICredentials.swift */,
				6220BFD7203649790034F3A7 /* Stream.swift */,
			);
			path = Models;
			sourceTree = "<group>";
		};
		62F3FD10200FFD44009C2803 = {
			isa = PBXGroup;
			children = (
				62D0211220328C670096C707 /* Cartfile */,
				62F3FD1B200FFD44009C2803 /* Stravify */,
				62F3FD30200FFD45009C2803 /* StravifyTests */,
				62F3FD1A200FFD44009C2803 /* Products */,
				62F3FD40201001B5009C2803 /* Frameworks */,
				CF035E7C6F6ABBE639A742DA /* Pods */,
			);
			sourceTree = "<group>";
		};
		62F3FD1A200FFD44009C2803 /* Products */ = {
			isa = PBXGroup;
			children = (
				62F3FD19200FFD44009C2803 /* Stravify.app */,
				62F3FD2D200FFD45009C2803 /* StravifyTests.xctest */,
			);
			name = Products;
			sourceTree = "<group>";
		};
		62F3FD1B200FFD44009C2803 /* Stravify */ = {
			isa = PBXGroup;
			children = (
				626553D920193B13003E543A /* Assets */,
				62F3FD1C200FFD44009C2803 /* AppDelegate.swift */,
				62DE1B47202280710094BEC7 /* Views */,
				62DE1B482022807D0094BEC7 /* Interactors */,
				62DE1B49202280CB0094BEC7 /* Models */,
				62F3FD23200FFD45009C2803 /* Assets.xcassets */,
				62F3FD25200FFD45009C2803 /* LaunchScreen.storyboard */,
				62F3FD28200FFD45009C2803 /* Info.plist */,
				6290D5C62028FBC0004BC242 /* credentials.json */,
				6220BFD5203637B50034F3A7 /* GoogleMaps.bundle */,
				62AE072620366A170095EE49 /* Stravify-Bridging-Header.h */,
			);
			path = Stravify;
			sourceTree = "<group>";
		};
		62F3FD30200FFD45009C2803 /* StravifyTests */ = {
			isa = PBXGroup;
			children = (
				62F3FD31200FFD45009C2803 /* StravifyTests.swift */,
				62F3FD33200FFD45009C2803 /* Info.plist */,
			);
			path = StravifyTests;
			sourceTree = "<group>";
		};
		62F3FD40201001B5009C2803 /* Frameworks */ = {
			isa = PBXGroup;
			children = (
				6220BFD1203632F70034F3A7 /* UIKit.framework */,
				6220BFCF203632F20034F3A7 /* SystemConfiguration.framework */,
				6220BFCD203632E80034F3A7 /* QuartzCore.framework */,
				6220BFCB203632E00034F3A7 /* OpenGLES.framework */,
				6220BFC7203632D70034F3A7 /* libc++.tbd */,
				6220BFC8203632D70034F3A7 /* libz.tbd */,
				6220BFC5203632C20034F3A7 /* GLKit.framework */,
				6220BFBD203632B70034F3A7 /* CoreData.framework */,
				6220BFB9203632B60034F3A7 /* CoreGraphics.framework */,
				6220BFBE203632B70034F3A7 /* CoreImage.framework */,
				6220BFBA203632B60034F3A7 /* CoreLocation.framework */,
				6220BFBB203632B60034F3A7 /* CoreTelephony.framework */,
				6220BFBC203632B70034F3A7 /* CoreText.framework */,
				6220BFB7203632A40034F3A7 /* Accelerate.framework */,
				62D0211420328EC20096C707 /* ReactiveCocoa.framework */,
				62D0211520328EC20096C707 /* ReactiveSwift.framework */,
				62D0211620328EC20096C707 /* Result.framework */,
				A7B67FBA84C0C01F74D2D6C7 /* libPods-Stravify.a */,
			);
			name = Frameworks;
			sourceTree = "<group>";
		};
		CF035E7C6F6ABBE639A742DA /* Pods */ = {
			isa = PBXGroup;
			children = (
				BD668CDEB3DD22517543540A /* Pods-Stravify.debug.xcconfig */,
				ACCCBE215F1080DE874F41D0 /* Pods-Stravify.release.xcconfig */,
			);
			name = Pods;
			sourceTree = "<group>";
		};
/* End PBXGroup section */

/* Begin PBXNativeTarget section */
		62F3FD18200FFD44009C2803 /* Stravify */ = {
			isa = PBXNativeTarget;
			buildConfigurationList = 62F3FD36200FFD45009C2803 /* Build configuration list for PBXNativeTarget "Stravify" */;
			buildPhases = (
				BDAAC491B6CCCCB28003A250 /* [CP] Check Pods Manifest.lock */,
				62F3FD15200FFD44009C2803 /* Sources */,
				62F3FD16200FFD44009C2803 /* Frameworks */,
				62F3FD17200FFD44009C2803 /* Resources */,
				62D0211320328CE20096C707 /* ShellScript */,
				4A44E3076AF3837CCA0FA8DA /* [CP] Embed Pods Frameworks */,
				37A803BB511ABEB4F63709B4 /* [CP] Copy Pods Resources */,
			);
			buildRules = (
			);
			dependencies = (
			);
			name = Stravify;
			productName = Stravify;
			productReference = 62F3FD19200FFD44009C2803 /* Stravify.app */;
			productType = "com.apple.product-type.application";
		};
		62F3FD2C200FFD45009C2803 /* StravifyTests */ = {
			isa = PBXNativeTarget;
			buildConfigurationList = 62F3FD39200FFD45009C2803 /* Build configuration list for PBXNativeTarget "StravifyTests" */;
			buildPhases = (
				62F3FD29200FFD45009C2803 /* Sources */,
				62F3FD2A200FFD45009C2803 /* Frameworks */,
				62F3FD2B200FFD45009C2803 /* Resources */,
			);
			buildRules = (
			);
			dependencies = (
				62F3FD2F200FFD45009C2803 /* PBXTargetDependency */,
			);
			name = StravifyTests;
			productName = StravifyTests;
			productReference = 62F3FD2D200FFD45009C2803 /* StravifyTests.xctest */;
			productType = "com.apple.product-type.bundle.unit-test";
		};
/* End PBXNativeTarget section */

/* Begin PBXProject section */
		62F3FD11200FFD44009C2803 /* Project object */ = {
			isa = PBXProject;
			attributes = {
				LastSwiftUpdateCheck = 0920;
				LastUpgradeCheck = 0920;
				ORGANIZATIONNAME = "Robert Waltham";
				TargetAttributes = {
					62F3FD18200FFD44009C2803 = {
						CreatedOnToolsVersion = 9.2;
						LastSwiftMigration = 0920;
						ProvisioningStyle = Automatic;
					};
					62F3FD2C200FFD45009C2803 = {
						CreatedOnToolsVersion = 9.2;
						ProvisioningStyle = Automatic;
						TestTargetID = 62F3FD18200FFD44009C2803;
					};
				};
			};
			buildConfigurationList = 62F3FD14200FFD44009C2803 /* Build configuration list for PBXProject "Stravify" */;
			compatibilityVersion = "Xcode 8.0";
			developmentRegion = en;
			hasScannedForEncodings = 0;
			knownRegions = (
				en,
				Base,
			);
			mainGroup = 62F3FD10200FFD44009C2803;
			productRefGroup = 62F3FD1A200FFD44009C2803 /* Products */;
			projectDirPath = "";
			projectRoot = "";
			targets = (
				62F3FD18200FFD44009C2803 /* Stravify */,
				62F3FD2C200FFD45009C2803 /* StravifyTests */,
			);
		};
/* End PBXProject section */

/* Begin PBXResourcesBuildPhase section */
		62F3FD17200FFD44009C2803 /* Resources */ = {
			isa = PBXResourcesBuildPhase;
			buildActionMask = 2147483647;
			files = (
				62F3FD27200FFD45009C2803 /* LaunchScreen.storyboard in Resources */,
				62F3FD24200FFD45009C2803 /* Assets.xcassets in Resources */,
				6290D5C72028FBC0004BC242 /* credentials.json in Resources */,
				62F3FD22200FFD44009C2803 /* Main.storyboard in Resources */,
			);
			runOnlyForDeploymentPostprocessing = 0;
		};
		62F3FD2B200FFD45009C2803 /* Resources */ = {
			isa = PBXResourcesBuildPhase;
			buildActionMask = 2147483647;
			files = (
				6290D5C82028FBC0004BC242 /* credentials.json in Resources */,
			);
			runOnlyForDeploymentPostprocessing = 0;
		};
/* End PBXResourcesBuildPhase section */

/* Begin PBXShellScriptBuildPhase section */
		37A803BB511ABEB4F63709B4 /* [CP] Copy Pods Resources */ = {
			isa = PBXShellScriptBuildPhase;
			buildActionMask = 2147483647;
			files = (
			);
			inputPaths = (
				"${SRCROOT}/Pods/Target Support Files/Pods-Stravify/Pods-Stravify-resources.sh",
				"${PODS_ROOT}/GoogleMaps/Maps/Frameworks/GoogleMaps.framework/Resources/GoogleMaps.bundle",
			);
			name = "[CP] Copy Pods Resources";
			outputPaths = (
				"${TARGET_BUILD_DIR}/${UNLOCALIZED_RESOURCES_FOLDER_PATH}/GoogleMaps.bundle",
			);
			runOnlyForDeploymentPostprocessing = 0;
			shellPath = /bin/sh;
			shellScript = "\"${SRCROOT}/Pods/Target Support Files/Pods-Stravify/Pods-Stravify-resources.sh\"\n";
			showEnvVarsInLog = 0;
		};
		4A44E3076AF3837CCA0FA8DA /* [CP] Embed Pods Frameworks */ = {
			isa = PBXShellScriptBuildPhase;
			buildActionMask = 2147483647;
			files = (
			);
			inputPaths = (
			);
			name = "[CP] Embed Pods Frameworks";
			outputPaths = (
			);
			runOnlyForDeploymentPostprocessing = 0;
			shellPath = /bin/sh;
			shellScript = "\"${SRCROOT}/Pods/Target Support Files/Pods-Stravify/Pods-Stravify-frameworks.sh\"\n";
			showEnvVarsInLog = 0;
		};
		62D0211320328CE20096C707 /* ShellScript */ = {
			isa = PBXShellScriptBuildPhase;
			buildActionMask = 2147483647;
			files = (
			);
			inputPaths = (
				"$(SRCROOT)/Carthage/Build/iOS/Result.framework",
				"$(SRCROOT)/Carthage/Build/iOS/ReactiveSwift.framework",
				"$(SRCROOT)/Carthage/Build/iOS/ReactiveCocoa.framework",
			);
			outputPaths = (
				"$(BUILT_PRODUCTS_DIR)/$(FRAMEWORKS_FOLDER_PATH)/Result.framework",
				"$(BUILT_PRODUCTS_DIR)/$(FRAMEWORKS_FOLDER_PATH)/ReactiveSwift.framework",
				"$(BUILT_PRODUCTS_DIR)/$(FRAMEWORKS_FOLDER_PATH)/ReactiveCocoa.framework",
			);
			runOnlyForDeploymentPostprocessing = 0;
			shellPath = /bin/sh;
			shellScript = "/usr/local/bin/carthage copy-frameworks";
		};
		BDAAC491B6CCCCB28003A250 /* [CP] Check Pods Manifest.lock */ = {
			isa = PBXShellScriptBuildPhase;
			buildActionMask = 2147483647;
			files = (
			);
			inputPaths = (
				"${PODS_PODFILE_DIR_PATH}/Podfile.lock",
				"${PODS_ROOT}/Manifest.lock",
			);
			name = "[CP] Check Pods Manifest.lock";
			outputPaths = (
				"$(DERIVED_FILE_DIR)/Pods-Stravify-checkManifestLockResult.txt",
			);
			runOnlyForDeploymentPostprocessing = 0;
			shellPath = /bin/sh;
			shellScript = "diff \"${PODS_PODFILE_DIR_PATH}/Podfile.lock\" \"${PODS_ROOT}/Manifest.lock\" > /dev/null\nif [ $? != 0 ] ; then\n    # print error to STDERR\n    echo \"error: The sandbox is not in sync with the Podfile.lock. Run 'pod install' or update your CocoaPods installation.\" >&2\n    exit 1\nfi\n# This output is used by Xcode 'outputs' to avoid re-running this script phase.\necho \"SUCCESS\" > \"${SCRIPT_OUTPUT_FILE_0}\"\n";
			showEnvVarsInLog = 0;
		};
/* End PBXShellScriptBuildPhase section */

/* Begin PBXSourcesBuildPhase section */
		62F3FD15200FFD44009C2803 /* Sources */ = {
			isa = PBXSourcesBuildPhase;
			buildActionMask = 2147483647;
			files = (
				629973562026AB2400729434 /* ServiceLocator.swift in Sources */,
				6299735C2027E18C00729434 /* FSInteractor.swift in Sources */,
				629973592027D1FC00729434 /* StravaUser.swift in Sources */,
				6290D5C42028FB7E004BC242 /* APICredentials.swift in Sources */,
				6220BFD8203649790034F3A7 /* Stream.swift in Sources */,
				6220BFDA20365A980034F3A7 /* HeatMapViewController.swift in Sources */,
				62F3FD1F200FFD44009C2803 /* ViewController.swift in Sources */,
				62F3FD4D201018FB009C2803 /* StravaInteractor.swift in Sources */,
				62DE1B4B202280E80094BEC7 /* Athlete.swift in Sources */,
				6290D5C12028F2FA004BC242 /* Activity.swift in Sources */,
				62F3FD48201017E4009C2803 /* AuthViewController.swift in Sources */,
				62F3FD1D200FFD44009C2803 /* AppDelegate.swift in Sources */,
				6220BFD4203633EB0034F3A7 /* BundleInteractor.swift in Sources */,
				6220BFB02036263B0034F3A7 /* ActivityDetailViewController.swift in Sources */,
				6220BFAE2036146E0034F3A7 /* ActivityCell.swift in Sources */,
				62F8C7DB20350C7800B06968 /* AthleteViewController.swift in Sources */,
			);
			runOnlyForDeploymentPostprocessing = 0;
		};
		62F3FD29200FFD45009C2803 /* Sources */ = {
			isa = PBXSourcesBuildPhase;
			buildActionMask = 2147483647;
			files = (
				62F3FD4E201018FB009C2803 /* StravaInteractor.swift in Sources */,
				629973572026AB2400729434 /* ServiceLocator.swift in Sources */,
				62F3FD47201006C1009C2803 /* AuthViewController.swift in Sources */,
				6299735D2027E18C00729434 /* FSInteractor.swift in Sources */,
				62F3FD32200FFD45009C2803 /* StravifyTests.swift in Sources */,
				62DE1B4C202280E80094BEC7 /* Athlete.swift in Sources */,
				62F8C7DC20350C7800B06968 /* AthleteViewController.swift in Sources */,
				6290D5C22028F2FA004BC242 /* Activity.swift in Sources */,
				6290D5C52028FB7E004BC242 /* APICredentials.swift in Sources */,
				6299735A2027D1FC00729434 /* StravaUser.swift in Sources */,
			);
			runOnlyForDeploymentPostprocessing = 0;
		};
/* End PBXSourcesBuildPhase section */

/* Begin PBXTargetDependency section */
		62F3FD2F200FFD45009C2803 /* PBXTargetDependency */ = {
			isa = PBXTargetDependency;
			target = 62F3FD18200FFD44009C2803 /* Stravify */;
			targetProxy = 62F3FD2E200FFD45009C2803 /* PBXContainerItemProxy */;
		};
/* End PBXTargetDependency section */

/* Begin PBXVariantGroup section */
		62F3FD20200FFD44009C2803 /* Main.storyboard */ = {
			isa = PBXVariantGroup;
			children = (
				62F3FD21200FFD44009C2803 /* Base */,
			);
			name = Main.storyboard;
			sourceTree = "<group>";
		};
		62F3FD25200FFD45009C2803 /* LaunchScreen.storyboard */ = {
			isa = PBXVariantGroup;
			children = (
				62F3FD26200FFD45009C2803 /* Base */,
			);
			name = LaunchScreen.storyboard;
			sourceTree = "<group>";
		};
/* End PBXVariantGroup section */

/* Begin XCBuildConfiguration section */
		62F3FD34200FFD45009C2803 /* Debug */ = {
			isa = XCBuildConfiguration;
			buildSettings = {
				ALWAYS_SEARCH_USER_PATHS = NO;
				CLANG_ANALYZER_NONNULL = YES;
				CLANG_ANALYZER_NUMBER_OBJECT_CONVERSION = YES_AGGRESSIVE;
				CLANG_CXX_LANGUAGE_STANDARD = "gnu++14";
				CLANG_CXX_LIBRARY = "libc++";
				CLANG_ENABLE_MODULES = YES;
				CLANG_ENABLE_OBJC_ARC = YES;
				CLANG_WARN_BLOCK_CAPTURE_AUTORELEASING = YES;
				CLANG_WARN_BOOL_CONVERSION = YES;
				CLANG_WARN_COMMA = YES;
				CLANG_WARN_CONSTANT_CONVERSION = YES;
				CLANG_WARN_DIRECT_OBJC_ISA_USAGE = YES_ERROR;
				CLANG_WARN_DOCUMENTATION_COMMENTS = YES;
				CLANG_WARN_EMPTY_BODY = YES;
				CLANG_WARN_ENUM_CONVERSION = YES;
				CLANG_WARN_INFINITE_RECURSION = YES;
				CLANG_WARN_INT_CONVERSION = YES;
				CLANG_WARN_NON_LITERAL_NULL_CONVERSION = YES;
				CLANG_WARN_OBJC_LITERAL_CONVERSION = YES;
				CLANG_WARN_OBJC_ROOT_CLASS = YES_ERROR;
				CLANG_WARN_RANGE_LOOP_ANALYSIS = YES;
				CLANG_WARN_STRICT_PROTOTYPES = YES;
				CLANG_WARN_SUSPICIOUS_MOVE = YES;
				CLANG_WARN_UNGUARDED_AVAILABILITY = YES_AGGRESSIVE;
				CLANG_WARN_UNREACHABLE_CODE = YES;
				CLANG_WARN__DUPLICATE_METHOD_MATCH = YES;
				CODE_SIGN_IDENTITY = "iPhone Developer";
				COPY_PHASE_STRIP = NO;
				DEBUG_INFORMATION_FORMAT = dwarf;
				ENABLE_STRICT_OBJC_MSGSEND = YES;
				ENABLE_TESTABILITY = YES;
				GCC_C_LANGUAGE_STANDARD = gnu11;
				GCC_DYNAMIC_NO_PIC = NO;
				GCC_NO_COMMON_BLOCKS = YES;
				GCC_OPTIMIZATION_LEVEL = 0;
				GCC_PREPROCESSOR_DEFINITIONS = (
					"DEBUG=1",
					"$(inherited)",
				);
				GCC_WARN_64_TO_32_BIT_CONVERSION = YES;
				GCC_WARN_ABOUT_RETURN_TYPE = YES_ERROR;
				GCC_WARN_UNDECLARED_SELECTOR = YES;
				GCC_WARN_UNINITIALIZED_AUTOS = YES_AGGRESSIVE;
				GCC_WARN_UNUSED_FUNCTION = YES;
				GCC_WARN_UNUSED_VARIABLE = YES;
				IPHONEOS_DEPLOYMENT_TARGET = 11.2;
				MTL_ENABLE_DEBUG_INFO = YES;
				ONLY_ACTIVE_ARCH = YES;
				SDKROOT = iphoneos;
				SWIFT_ACTIVE_COMPILATION_CONDITIONS = DEBUG;
				SWIFT_OPTIMIZATION_LEVEL = "-Onone";
			};
			name = Debug;
		};
		62F3FD35200FFD45009C2803 /* Release */ = {
			isa = XCBuildConfiguration;
			buildSettings = {
				ALWAYS_SEARCH_USER_PATHS = NO;
				CLANG_ANALYZER_NONNULL = YES;
				CLANG_ANALYZER_NUMBER_OBJECT_CONVERSION = YES_AGGRESSIVE;
				CLANG_CXX_LANGUAGE_STANDARD = "gnu++14";
				CLANG_CXX_LIBRARY = "libc++";
				CLANG_ENABLE_MODULES = YES;
				CLANG_ENABLE_OBJC_ARC = YES;
				CLANG_WARN_BLOCK_CAPTURE_AUTORELEASING = YES;
				CLANG_WARN_BOOL_CONVERSION = YES;
				CLANG_WARN_COMMA = YES;
				CLANG_WARN_CONSTANT_CONVERSION = YES;
				CLANG_WARN_DIRECT_OBJC_ISA_USAGE = YES_ERROR;
				CLANG_WARN_DOCUMENTATION_COMMENTS = YES;
				CLANG_WARN_EMPTY_BODY = YES;
				CLANG_WARN_ENUM_CONVERSION = YES;
				CLANG_WARN_INFINITE_RECURSION = YES;
				CLANG_WARN_INT_CONVERSION = YES;
				CLANG_WARN_NON_LITERAL_NULL_CONVERSION = YES;
				CLANG_WARN_OBJC_LITERAL_CONVERSION = YES;
				CLANG_WARN_OBJC_ROOT_CLASS = YES_ERROR;
				CLANG_WARN_RANGE_LOOP_ANALYSIS = YES;
				CLANG_WARN_STRICT_PROTOTYPES = YES;
				CLANG_WARN_SUSPICIOUS_MOVE = YES;
				CLANG_WARN_UNGUARDED_AVAILABILITY = YES_AGGRESSIVE;
				CLANG_WARN_UNREACHABLE_CODE = YES;
				CLANG_WARN__DUPLICATE_METHOD_MATCH = YES;
				CODE_SIGN_IDENTITY = "iPhone Developer";
				COPY_PHASE_STRIP = NO;
				DEBUG_INFORMATION_FORMAT = "dwarf-with-dsym";
				ENABLE_NS_ASSERTIONS = NO;
				ENABLE_STRICT_OBJC_MSGSEND = YES;
				GCC_C_LANGUAGE_STANDARD = gnu11;
				GCC_NO_COMMON_BLOCKS = YES;
				GCC_WARN_64_TO_32_BIT_CONVERSION = YES;
				GCC_WARN_ABOUT_RETURN_TYPE = YES_ERROR;
				GCC_WARN_UNDECLARED_SELECTOR = YES;
				GCC_WARN_UNINITIALIZED_AUTOS = YES_AGGRESSIVE;
				GCC_WARN_UNUSED_FUNCTION = YES;
				GCC_WARN_UNUSED_VARIABLE = YES;
				IPHONEOS_DEPLOYMENT_TARGET = 11.2;
				MTL_ENABLE_DEBUG_INFO = NO;
				SDKROOT = iphoneos;
				SWIFT_OPTIMIZATION_LEVEL = "-Owholemodule";
				VALIDATE_PRODUCT = YES;
			};
			name = Release;
		};
		62F3FD37200FFD45009C2803 /* Debug */ = {
			isa = XCBuildConfiguration;
			baseConfigurationReference = BD668CDEB3DD22517543540A /* Pods-Stravify.debug.xcconfig */;
			buildSettings = {
				ASSETCATALOG_COMPILER_APPICON_NAME = AppIcon;
				CLANG_ENABLE_MODULES = YES;
				CODE_SIGN_STYLE = Automatic;
				FRAMEWORK_SEARCH_PATHS = (
					"$(inherited)",
					"$(PROJECT_DIR)/Carthage/Build/iOS",
					"$(PROJECT_DIR)",
				);
				INFOPLIST_FILE = Stravify/Info.plist;
				LD_RUNPATH_SEARCH_PATHS = "$(inherited) @executable_path/Frameworks";
				PRODUCT_BUNDLE_IDENTIFIER = com.blockoftext.Stravify;
				PRODUCT_NAME = "$(TARGET_NAME)";
				SWIFT_OBJC_BRIDGING_HEADER = "Stravify/Stravify-Bridging-Header.h";
				SWIFT_OPTIMIZATION_LEVEL = "-Onone";
				SWIFT_VERSION = 4.0;
				TARGETED_DEVICE_FAMILY = "1,2";
			};
			name = Debug;
		};
		62F3FD38200FFD45009C2803 /* Release */ = {
			isa = XCBuildConfiguration;
			baseConfigurationReference = ACCCBE215F1080DE874F41D0 /* Pods-Stravify.release.xcconfig */;
			buildSettings = {
				ASSETCATALOG_COMPILER_APPICON_NAME = AppIcon;
				CLANG_ENABLE_MODULES = YES;
				CODE_SIGN_STYLE = Automatic;
				FRAMEWORK_SEARCH_PATHS = (
					"$(inherited)",
					"$(PROJECT_DIR)/Carthage/Build/iOS",
					"$(PROJECT_DIR)",
				);
				INFOPLIST_FILE = Stravify/Info.plist;
				LD_RUNPATH_SEARCH_PATHS = "$(inherited) @executable_path/Frameworks";
				PRODUCT_BUNDLE_IDENTIFIER = com.blockoftext.Stravify;
				PRODUCT_NAME = "$(TARGET_NAME)";
				SWIFT_OBJC_BRIDGING_HEADER = "Stravify/Stravify-Bridging-Header.h";
				SWIFT_VERSION = 4.0;
				TARGETED_DEVICE_FAMILY = "1,2";
			};
			name = Release;
		};
		62F3FD3A200FFD45009C2803 /* Debug */ = {
			isa = XCBuildConfiguration;
			buildSettings = {
				ALWAYS_EMBED_SWIFT_STANDARD_LIBRARIES = YES;
				BUNDLE_LOADER = "$(TEST_HOST)";
				CODE_SIGN_STYLE = Automatic;
				INFOPLIST_FILE = StravifyTests/Info.plist;
				LD_RUNPATH_SEARCH_PATHS = "$(inherited) @executable_path/Frameworks @loader_path/Frameworks";
				PRODUCT_BUNDLE_IDENTIFIER = com.blockoftext.StravifyTests;
				PRODUCT_NAME = "$(TARGET_NAME)";
				SWIFT_VERSION = 4.0;
				TARGETED_DEVICE_FAMILY = "1,2";
				TEST_HOST = "$(BUILT_PRODUCTS_DIR)/Stravify.app/Stravify";
			};
			name = Debug;
		};
		62F3FD3B200FFD45009C2803 /* Release */ = {
			isa = XCBuildConfiguration;
			buildSettings = {
				ALWAYS_EMBED_SWIFT_STANDARD_LIBRARIES = YES;
				BUNDLE_LOADER = "$(TEST_HOST)";
				CODE_SIGN_STYLE = Automatic;
				INFOPLIST_FILE = StravifyTests/Info.plist;
				LD_RUNPATH_SEARCH_PATHS = "$(inherited) @executable_path/Frameworks @loader_path/Frameworks";
				PRODUCT_BUNDLE_IDENTIFIER = com.blockoftext.StravifyTests;
				PRODUCT_NAME = "$(TARGET_NAME)";
				SWIFT_VERSION = 4.0;
				TARGETED_DEVICE_FAMILY = "1,2";
				TEST_HOST = "$(BUILT_PRODUCTS_DIR)/Stravify.app/Stravify";
			};
			name = Release;
		};
/* End XCBuildConfiguration section */

/* Begin XCConfigurationList section */
		62F3FD14200FFD44009C2803 /* Build configuration list for PBXProject "Stravify" */ = {
			isa = XCConfigurationList;
			buildConfigurations = (
				62F3FD34200FFD45009C2803 /* Debug */,
				62F3FD35200FFD45009C2803 /* Release */,
			);
			defaultConfigurationIsVisible = 0;
			defaultConfigurationName = Release;
		};
		62F3FD36200FFD45009C2803 /* Build configuration list for PBXNativeTarget "Stravify" */ = {
			isa = XCConfigurationList;
			buildConfigurations = (
				62F3FD37200FFD45009C2803 /* Debug */,
				62F3FD38200FFD45009C2803 /* Release */,
			);
			defaultConfigurationIsVisible = 0;
			defaultConfigurationName = Release;
		};
		62F3FD39200FFD45009C2803 /* Build configuration list for PBXNativeTarget "StravifyTests" */ = {
			isa = XCConfigurationList;
			buildConfigurations = (
				62F3FD3A200FFD45009C2803 /* Debug */,
				62F3FD3B200FFD45009C2803 /* Release */,
			);
			defaultConfigurationIsVisible = 0;
			defaultConfigurationName = Release;
		};
/* End XCConfigurationList section */
	};
	rootObject = 62F3FD11200FFD44009C2803 /* Project object */;
}
